{
  "lockfileVersion": 1,
  "configVersion": 1,
  "workspaces": {
    "": {
      "name": "crypto-core",
      "dependencies": {
        "aes-js": "3.1.2",
      },
    },
  },
  "packages": {
    "aes-js": ["aes-js@3.1.2", "", {}, "sha512-e5pEa2kBnBOgR4Y/p20pskXI74UEz7de8ZGVo58asOtvSVG5YAbJeELPZxOmt+Bnz3rX753YKhfIn4X4l1PPRQ=="],
  }
}
